
Microsoft Visual Studio Solution File, Format Version 12.00
# Visual Studio 15
VisualStudioVersion = 15.0.28010.2019
MinimumVisualStudioVersion = 10.0.40219.1
Project("{FAE04EC0-301F-11D3-BF4B-00C04F79EFBC}") = "UserControlsDemo_PRG2", "UserControlsDemo_PRG2\UserControlsDemo_PRG2.csproj", "{00B47312-4E58-4585-B16E-4AD2B75FA13C}"
EndProject
Global
	GlobalSection(SolutionConfigurationPlatforms) = preSolution
		Debug|Any CPU = Debug|Any CPU
		Release|Any CPU = Release|Any CPU
	EndGlobalSection
	GlobalSection(ProjectConfigurationPlatforms) = postSolution
		{00B47312-4E58-4585-B16E-4AD2B75FA13C}.Debug|Any CPU.ActiveCfg = Debug|Any CPU
		{00B47312-4E58-4585-B16E-4AD2B75FA13C}.Debug|Any CPU.Build.0 = Debug|Any CPU
		{00B47312-4E58-4585-B16E-4AD2B75FA13C}.Release|Any CPU.ActiveCfg = Release|Any CPU
		{00B47312-4E58-4585-B16E-4AD2B75FA13C}.Release|Any CPU.Build.0 = Release|Any CPU
	EndGlobalSection
	GlobalSection(SolutionProperties) = preSolution
		HideSolutionNode = FALSE
	EndGlobalSection
	GlobalSection(ExtensibilityGlobals) = postSolution
		SolutionGuid = {DFB083A3-EAE4-48C8-9A37-645462B49C37}
	EndGlobalSection
EndGlobal
