
Microsoft Visual Studio Solution File, Format Version 12.00
# Visual Studio Version 16
VisualStudioVersion = 16.0.30907.101
MinimumVisualStudioVersion = 10.0.40219.1
Project("{FAE04EC0-301F-11D3-BF4B-00C04F79EFBC}") = "Media Player", "Media Player\Media Player.csproj", "{FD683AFD-85C5-4587-B9E2-B30C705A7128}"
EndProject
Global
	GlobalSection(SolutionConfigurationPlatforms) = preSolution
		Debug|Any CPU = Debug|Any CPU
		Release|Any CPU = Release|Any CPU
	EndGlobalSection
	GlobalSection(ProjectConfigurationPlatforms) = postSolution
		{FD683AFD-85C5-4587-B9E2-B30C705A7128}.Debug|Any CPU.ActiveCfg = Debug|Any CPU
		{FD683AFD-85C5-4587-B9E2-B30C705A7128}.Debug|Any CPU.Build.0 = Debug|Any CPU
		{FD683AFD-85C5-4587-B9E2-B30C705A7128}.Release|Any CPU.ActiveCfg = Release|Any CPU
		{FD683AFD-85C5-4587-B9E2-B30C705A7128}.Release|Any CPU.Build.0 = Release|Any CPU
	EndGlobalSection
	GlobalSection(SolutionProperties) = preSolution
		HideSolutionNode = FALSE
	EndGlobalSection
	GlobalSection(ExtensibilityGlobals) = postSolution
		SolutionGuid = {E0AF056A-BA64-4239-9F31-14FCAFC72C3E}
	EndGlobalSection
EndGlobal
